{
  "name": "js_tutorial",
  "lockfileVersion": 2,
  "requires": true,
  "packages": {
    "": {
      "dependencies": {
        "learnenough-palindrome": "^1.0.0"
      }
    },
    "node_modules/clear": {
      "version": "0.1.0",
      "resolved": "https://registry.npmjs.org/clear/-/clear-0.1.0.tgz",
      "integrity": "sha512-qMjRnoL+JDPJHeLePZJuao6+8orzHMGP04A8CdwCNsKhRbOnKRjefxONR7bwILT3MHecxKBjHkKL/tkZ8r4Uzw==",
      "engines": {
        "node": "*"
      }
    },
    "node_modules/learnenough-palindrome": {
      "version": "1.0.0",
      "resolved": "https://registry.npmjs.org/learnenough-palindrome/-/learnenough-palindrome-1.0.0.tgz",
      "integrity": "sha512-pz7BxeK3O1kNSJzfi9v/pIEaRbKNoPgstOaGWfr0h3LGkccbk6dDHafRyAb4rUxp+gvta85Ug35K5f1w4NGScw==",
      "dependencies": {
        "clear": "^0.1.0"
      }
    }
  },
  "dependencies": {
    "clear": {
      "version": "0.1.0",
      "resolved": "https://registry.npmjs.org/clear/-/clear-0.1.0.tgz",
      "integrity": "sha512-qMjRnoL+JDPJHeLePZJuao6+8orzHMGP04A8CdwCNsKhRbOnKRjefxONR7bwILT3MHecxKBjHkKL/tkZ8r4Uzw=="
    },
    "learnenough-palindrome": {
      "version": "1.0.0",
      "resolved": "https://registry.npmjs.org/learnenough-palindrome/-/learnenough-palindrome-1.0.0.tgz",
      "integrity": "sha512-pz7BxeK3O1kNSJzfi9v/pIEaRbKNoPgstOaGWfr0h3LGkccbk6dDHafRyAb4rUxp+gvta85Ug35K5f1w4NGScw==",
      "requires": {
        "clear": "^0.1.0"
      }
    }
  }
}
